
Microsoft Visual Studio Solution File, Format Version 12.00
# Visual Studio Version 17
VisualStudioVersion = 17.10.35122.118
MinimumVisualStudioVersion = 10.0.40219.1
Project("{FAE04EC0-301F-11D3-BF4B-00C04F79EFBC}") = "juego", "juego.csproj", "{D9D7CEAA-C7AF-4AB8-AE35-B5E1714AC274}"
EndProject
Global
	GlobalSection(SolutionConfigurationPlatforms) = preSolution
		Debug|Any CPU = Debug|Any CPU
		Release|Any CPU = Release|Any CPU
	EndGlobalSection
	GlobalSection(ProjectConfigurationPlatforms) = postSolution
		{D9D7CEAA-C7AF-4AB8-AE35-B5E1714AC274}.Debug|Any CPU.ActiveCfg = Debug|Any CPU
		{D9D7CEAA-C7AF-4AB8-AE35-B5E1714AC274}.Debug|Any CPU.Build.0 = Debug|Any CPU
		{D9D7CEAA-C7AF-4AB8-AE35-B5E1714AC274}.Release|Any CPU.ActiveCfg = Release|Any CPU
		{D9D7CEAA-C7AF-4AB8-AE35-B5E1714AC274}.Release|Any CPU.Build.0 = Release|Any CPU
	EndGlobalSection
	GlobalSection(SolutionProperties) = preSolution
		HideSolutionNode = FALSE
	EndGlobalSection
	GlobalSection(ExtensibilityGlobals) = postSolution
		SolutionGuid = {B130E550-FD3A-4AD1-9E52-289A9ED25082}
	EndGlobalSection
EndGlobal
