
Microsoft Visual Studio Solution File, Format Version 12.00
# Visual Studio Version 17
VisualStudioVersion = 17.10.35122.118
MinimumVisualStudioVersion = 10.0.40219.1
Project("{FAE04EC0-301F-11D3-BF4B-00C04F79EFBC}") = "Activida1_examen", "Activida1_examen.csproj", "{9AF7B957-D9F8-4D3A-82AD-0A77FCF29DE4}"
EndProject
Global
	GlobalSection(SolutionConfigurationPlatforms) = preSolution
		Debug|Any CPU = Debug|Any CPU
		Release|Any CPU = Release|Any CPU
	EndGlobalSection
	GlobalSection(ProjectConfigurationPlatforms) = postSolution
		{9AF7B957-D9F8-4D3A-82AD-0A77FCF29DE4}.Debug|Any CPU.ActiveCfg = Debug|Any CPU
		{9AF7B957-D9F8-4D3A-82AD-0A77FCF29DE4}.Debug|Any CPU.Build.0 = Debug|Any CPU
		{9AF7B957-D9F8-4D3A-82AD-0A77FCF29DE4}.Release|Any CPU.ActiveCfg = Release|Any CPU
		{9AF7B957-D9F8-4D3A-82AD-0A77FCF29DE4}.Release|Any CPU.Build.0 = Release|Any CPU
	EndGlobalSection
	GlobalSection(SolutionProperties) = preSolution
		HideSolutionNode = FALSE
	EndGlobalSection
	GlobalSection(ExtensibilityGlobals) = postSolution
		SolutionGuid = {B64AD9A1-100A-4723-AB98-CD68BF5AA07F}
	EndGlobalSection
EndGlobal
