
Microsoft Visual Studio Solution File, Format Version 12.00
# Visual Studio Version 17
VisualStudioVersion = 17.10.35027.167
MinimumVisualStudioVersion = 10.0.40219.1
Project("{FAE04EC0-301F-11D3-BF4B-00C04F79EFBC}") = "EjemploBaseDeDatosLibrosBueno", "EjemploBaseDeDatosLibrosBueno\EjemploBaseDeDatosLibrosBueno.csproj", "{CC4A4C1F-87B7-4219-B1DC-4886CB33138B}"
EndProject
Global
	GlobalSection(SolutionConfigurationPlatforms) = preSolution
		Debug|Any CPU = Debug|Any CPU
		Release|Any CPU = Release|Any CPU
	EndGlobalSection
	GlobalSection(ProjectConfigurationPlatforms) = postSolution
		{CC4A4C1F-87B7-4219-B1DC-4886CB33138B}.Debug|Any CPU.ActiveCfg = Debug|Any CPU
		{CC4A4C1F-87B7-4219-B1DC-4886CB33138B}.Debug|Any CPU.Build.0 = Debug|Any CPU
		{CC4A4C1F-87B7-4219-B1DC-4886CB33138B}.Release|Any CPU.ActiveCfg = Release|Any CPU
		{CC4A4C1F-87B7-4219-B1DC-4886CB33138B}.Release|Any CPU.Build.0 = Release|Any CPU
	EndGlobalSection
	GlobalSection(SolutionProperties) = preSolution
		HideSolutionNode = FALSE
	EndGlobalSection
	GlobalSection(ExtensibilityGlobals) = postSolution
		SolutionGuid = {315572A8-E482-442A-A2E7-B5CC22100AC4}
	EndGlobalSection
EndGlobal
