
Microsoft Visual Studio Solution File, Format Version 12.00
# Visual Studio Version 17
VisualStudioVersion = 17.10.35122.118
MinimumVisualStudioVersion = 10.0.40219.1
Project("{FAE04EC0-301F-11D3-BF4B-00C04F79EFBC}") = "Clases", "Clases.csproj", "{3E7FFDB5-2BBE-4FF7-BAEE-8E698A254B62}"
EndProject
Global
	GlobalSection(SolutionConfigurationPlatforms) = preSolution
		Debug|Any CPU = Debug|Any CPU
		Release|Any CPU = Release|Any CPU
	EndGlobalSection
	GlobalSection(ProjectConfigurationPlatforms) = postSolution
		{3E7FFDB5-2BBE-4FF7-BAEE-8E698A254B62}.Debug|Any CPU.ActiveCfg = Debug|Any CPU
		{3E7FFDB5-2BBE-4FF7-BAEE-8E698A254B62}.Debug|Any CPU.Build.0 = Debug|Any CPU
		{3E7FFDB5-2BBE-4FF7-BAEE-8E698A254B62}.Release|Any CPU.ActiveCfg = Release|Any CPU
		{3E7FFDB5-2BBE-4FF7-BAEE-8E698A254B62}.Release|Any CPU.Build.0 = Release|Any CPU
	EndGlobalSection
	GlobalSection(SolutionProperties) = preSolution
		HideSolutionNode = FALSE
	EndGlobalSection
	GlobalSection(ExtensibilityGlobals) = postSolution
		SolutionGuid = {C5102149-5E30-4F94-A2BF-E788A500DC40}
	EndGlobalSection
EndGlobal
