
Microsoft Visual Studio Solution File, Format Version 12.00
# Visual Studio Version 17
VisualStudioVersion = 17.10.35122.118
MinimumVisualStudioVersion = 10.0.40219.1
Project("{FAE04EC0-301F-11D3-BF4B-00C04F79EFBC}") = "Colecciones", "Colecciones.csproj", "{97C2E47E-B116-4B44-85A6-82E23CF6A609}"
EndProject
Global
	GlobalSection(SolutionConfigurationPlatforms) = preSolution
		Debug|Any CPU = Debug|Any CPU
		Release|Any CPU = Release|Any CPU
	EndGlobalSection
	GlobalSection(ProjectConfigurationPlatforms) = postSolution
		{97C2E47E-B116-4B44-85A6-82E23CF6A609}.Debug|Any CPU.ActiveCfg = Debug|Any CPU
		{97C2E47E-B116-4B44-85A6-82E23CF6A609}.Debug|Any CPU.Build.0 = Debug|Any CPU
		{97C2E47E-B116-4B44-85A6-82E23CF6A609}.Release|Any CPU.ActiveCfg = Release|Any CPU
		{97C2E47E-B116-4B44-85A6-82E23CF6A609}.Release|Any CPU.Build.0 = Release|Any CPU
	EndGlobalSection
	GlobalSection(SolutionProperties) = preSolution
		HideSolutionNode = FALSE
	EndGlobalSection
	GlobalSection(ExtensibilityGlobals) = postSolution
		SolutionGuid = {3A63319C-257A-457E-BA95-9A3A73ED7589}
	EndGlobalSection
EndGlobal
